
Microsoft Visual Studio Solution File, Format Version 12.00
# Visual Studio Version 17
VisualStudioVersion = 17.14.36301.6
MinimumVisualStudioVersion = 10.0.40219.1
Project("{FAE04EC0-301F-11D3-BF4B-00C04F79EFBC}") = "AI.Workshop.Console.AgentChat", "AI.Workshop.Console.AgentChat\AI.Workshop.Console.AgentChat.csproj", "{23FBB498-EA49-4F48-8552-DC57C0D11D45}"
EndProject
Project("{FAE04EC0-301F-11D3-BF4B-00C04F79EFBC}") = "AI.Workshop.Console.VectorDemos", "AI.Workshop.Console.VectorDemos\AI.Workshop.Console.VectorDemos.csproj", "{13E8DBCA-8D8F-4302-B166-7028A48A9EE0}"
EndProject
Project("{FAE04EC0-301F-11D3-BF4B-00C04F79EFBC}") = "AI.Workshop.VectorStore", "AI.Workshop.VectorStore\AI.Workshop.VectorStore.csproj", "{B98C991C-4006-FC91-B3F1-437B932BD255}"
EndProject
Project("{2150E333-8FDC-42A3-9474-1A3956D46DE8}") = "Aspire", "Aspire", "{02EA681E-C7D8-13C7-8484-4AC65E1B71E8}"
EndProject
Project("{FAE04EC0-301F-11D3-BF4B-00C04F79EFBC}") = "AI.Workshop.ChatApp.ServiceDefaults", "Aspire\AI.Workshop.ChatApp.ServiceDefaults\AI.Workshop.ChatApp.ServiceDefaults.csproj", "{A2E2CD26-8038-0A53-C8A1-E54CD1664024}"
EndProject
Project("{FAE04EC0-301F-11D3-BF4B-00C04F79EFBC}") = "AI.Workshop.ChatApp.Web", "Aspire\AI.Workshop.ChatApp.Web\AI.Workshop.ChatApp.Web.csproj", "{97ADBC89-6758-163B-66A7-9DB8BCE80313}"
EndProject
Project("{FAE04EC0-301F-11D3-BF4B-00C04F79EFBC}") = "AI.Workshop.ChatApp.AppHost", "Aspire\AI.Workshop.ChatApp.AppHost\AI.Workshop.ChatApp.AppHost.csproj", "{6BF6B58F-9F24-A755-9188-FFC3CAC9E5B0}"
EndProject
Project("{2150E333-8FDC-42A3-9474-1A3956D46DE8}") = "MCP", "MCP", "{1EBCEE57-92C7-4D8B-AC99-654B5EF56A4E}"
EndProject
Project("{FAE04EC0-301F-11D3-BF4B-00C04F79EFBC}") = "AI.Workshop.MCP.ConsoleServer", "MCP\AI.Workshop.MCP.ConsoleServer\AI.Workshop.MCP.ConsoleServer.csproj", "{A76C6CE4-2742-4680-B159-AC5E992171B5}"
EndProject
Project("{FAE04EC0-301F-11D3-BF4B-00C04F79EFBC}") = "AI.Workshop.MCP.ConsoleClient", "MCP\AI.Workshop.MCP.ConsoleClient\AI.Workshop.MCP.ConsoleClient.csproj", "{01895B3E-5F5A-4E5D-9E5C-084DAE13C4BF}"
EndProject
Project("{2150E333-8FDC-42A3-9474-1A3956D46DE8}") = "Console", "Console", "{DB61EE2E-339F-43ED-9FB1-2FFF830DCBF1}"
EndProject
Project("{2150E333-8FDC-42A3-9474-1A3956D46DE8}") = "Common", "Common", "{81C58011-BA6C-4DA9-9BE5-B96F4C8AB389}"
EndProject
Project("{2150E333-8FDC-42A3-9474-1A3956D46DE8}") = "Web", "Web", "{A4597AE8-5FED-41B9-BB62-7EE63BA6BF4C}"
EndProject
Project("{FAE04EC0-301F-11D3-BF4B-00C04F79EFBC}") = "AI.Workshop.Console.Agents", "AI.Workshop.Console.Agents\AI.Workshop.Console.Agents.csproj", "{4BDE285B-C86B-4316-A62D-FE9622F56AAF}"
EndProject
Project("{FAE04EC0-301F-11D3-BF4B-00C04F79EFBC}") = "AI.Workshop.WebApi.Agents", "AI.Workshop.WebApi.Agents\AI.Workshop.WebApi.Agents.csproj", "{4EE62682-B9FD-4A9A-86AF-50252DDBB626}"
EndProject
Project("{FAE04EC0-301F-11D3-BF4B-00C04F79EFBC}") = "AI.Workshop.MCP.HttpServer", "MCP\AI.Workshop.MCP.HttpServer\AI.Workshop.MCP.HttpServer.csproj", "{5A4C3883-525D-4DA9-BDF6-995A25085997}"
EndProject
Project("{FAE04EC0-301F-11D3-BF4B-00C04F79EFBC}") = "AI.Workshop.Common", "AI.Workshop.Common\AI.Workshop.Common.csproj", "{FA3802AC-1222-40EC-BD6B-2C1317BF3DF4}"
EndProject
Project("{FAE04EC0-301F-11D3-BF4B-00C04F79EFBC}") = "AI.Workshop.Guardrails", "AI.Workshop.Guardrails\AI.Workshop.Guardrails.csproj", "{7B8C3D4E-5F6A-4B9C-8D2E-1A3B4C5D6E7F}"
EndProject
Project("{FAE04EC0-301F-11D3-BF4B-00C04F79EFBC}") = "AI.Workshop.Tests", "AI.Workshop.Tests\AI.Workshop.Tests.csproj", "{8A9B0C1D-2E3F-4A5B-6C7D-8E9F0A1B2C3D}"
EndProject
Global
	GlobalSection(SolutionConfigurationPlatforms) = preSolution
		Debug|Any CPU = Debug|Any CPU
		Debug|x64 = Debug|x64
		Debug|x86 = Debug|x86
		Release|Any CPU = Release|Any CPU
		Release|x64 = Release|x64
		Release|x86 = Release|x86
	EndGlobalSection
	GlobalSection(ProjectConfigurationPlatforms) = postSolution
		{23FBB498-EA49-4F48-8552-DC57C0D11D45}.Debug|Any CPU.ActiveCfg = Debug|Any CPU
		{23FBB498-EA49-4F48-8552-DC57C0D11D45}.Debug|Any CPU.Build.0 = Debug|Any CPU
		{23FBB498-EA49-4F48-8552-DC57C0D11D45}.Debug|x64.ActiveCfg = Debug|Any CPU
		{23FBB498-EA49-4F48-8552-DC57C0D11D45}.Debug|x64.Build.0 = Debug|Any CPU
		{23FBB498-EA49-4F48-8552-DC57C0D11D45}.Debug|x86.ActiveCfg = Debug|Any CPU
		{23FBB498-EA49-4F48-8552-DC57C0D11D45}.Debug|x86.Build.0 = Debug|Any CPU
		{23FBB498-EA49-4F48-8552-DC57C0D11D45}.Release|Any CPU.ActiveCfg = Release|Any CPU
		{23FBB498-EA49-4F48-8552-DC57C0D11D45}.Release|Any CPU.Build.0 = Release|Any CPU
		{23FBB498-EA49-4F48-8552-DC57C0D11D45}.Release|x64.ActiveCfg = Release|Any CPU
		{23FBB498-EA49-4F48-8552-DC57C0D11D45}.Release|x64.Build.0 = Release|Any CPU
		{23FBB498-EA49-4F48-8552-DC57C0D11D45}.Release|x86.ActiveCfg = Release|Any CPU
		{23FBB498-EA49-4F48-8552-DC57C0D11D45}.Release|x86.Build.0 = Release|Any CPU
		{13E8DBCA-8D8F-4302-B166-7028A48A9EE0}.Debug|Any CPU.ActiveCfg = Debug|Any CPU
		{13E8DBCA-8D8F-4302-B166-7028A48A9EE0}.Debug|Any CPU.Build.0 = Debug|Any CPU
		{13E8DBCA-8D8F-4302-B166-7028A48A9EE0}.Debug|x64.ActiveCfg = Debug|Any CPU
		{13E8DBCA-8D8F-4302-B166-7028A48A9EE0}.Debug|x64.Build.0 = Debug|Any CPU
		{13E8DBCA-8D8F-4302-B166-7028A48A9EE0}.Debug|x86.ActiveCfg = Debug|Any CPU
		{13E8DBCA-8D8F-4302-B166-7028A48A9EE0}.Debug|x86.Build.0 = Debug|Any CPU
		{13E8DBCA-8D8F-4302-B166-7028A48A9EE0}.Release|Any CPU.ActiveCfg = Release|Any CPU
		{13E8DBCA-8D8F-4302-B166-7028A48A9EE0}.Release|Any CPU.Build.0 = Release|Any CPU
		{13E8DBCA-8D8F-4302-B166-7028A48A9EE0}.Release|x64.ActiveCfg = Release|Any CPU
		{13E8DBCA-8D8F-4302-B166-7028A48A9EE0}.Release|x64.Build.0 = Release|Any CPU
		{13E8DBCA-8D8F-4302-B166-7028A48A9EE0}.Release|x86.ActiveCfg = Release|Any CPU
		{13E8DBCA-8D8F-4302-B166-7028A48A9EE0}.Release|x86.Build.0 = Release|Any CPU
		{B98C991C-4006-FC91-B3F1-437B932BD255}.Debug|Any CPU.ActiveCfg = Debug|Any CPU
		{B98C991C-4006-FC91-B3F1-437B932BD255}.Debug|Any CPU.Build.0 = Debug|Any CPU
		{B98C991C-4006-FC91-B3F1-437B932BD255}.Debug|x64.ActiveCfg = Debug|Any CPU
		{B98C991C-4006-FC91-B3F1-437B932BD255}.Debug|x64.Build.0 = Debug|Any CPU
		{B98C991C-4006-FC91-B3F1-437B932BD255}.Debug|x86.ActiveCfg = Debug|Any CPU
		{B98C991C-4006-FC91-B3F1-437B932BD255}.Debug|x86.Build.0 = Debug|Any CPU
		{B98C991C-4006-FC91-B3F1-437B932BD255}.Release|Any CPU.ActiveCfg = Release|Any CPU
		{B98C991C-4006-FC91-B3F1-437B932BD255}.Release|Any CPU.Build.0 = Release|Any CPU
		{B98C991C-4006-FC91-B3F1-437B932BD255}.Release|x64.ActiveCfg = Release|Any CPU
		{B98C991C-4006-FC91-B3F1-437B932BD255}.Release|x64.Build.0 = Release|Any CPU
		{B98C991C-4006-FC91-B3F1-437B932BD255}.Release|x86.ActiveCfg = Release|Any CPU
		{B98C991C-4006-FC91-B3F1-437B932BD255}.Release|x86.Build.0 = Release|Any CPU
		{A2E2CD26-8038-0A53-C8A1-E54CD1664024}.Debug|Any CPU.ActiveCfg = Debug|Any CPU
		{A2E2CD26-8038-0A53-C8A1-E54CD1664024}.Debug|Any CPU.Build.0 = Debug|Any CPU
		{A2E2CD26-8038-0A53-C8A1-E54CD1664024}.Debug|x64.ActiveCfg = Debug|Any CPU
		{A2E2CD26-8038-0A53-C8A1-E54CD1664024}.Debug|x64.Build.0 = Debug|Any CPU
		{A2E2CD26-8038-0A53-C8A1-E54CD1664024}.Debug|x86.ActiveCfg = Debug|Any CPU
		{A2E2CD26-8038-0A53-C8A1-E54CD1664024}.Debug|x86.Build.0 = Debug|Any CPU
		{A2E2CD26-8038-0A53-C8A1-E54CD1664024}.Release|Any CPU.ActiveCfg = Release|Any CPU
		{A2E2CD26-8038-0A53-C8A1-E54CD1664024}.Release|Any CPU.Build.0 = Release|Any CPU
		{A2E2CD26-8038-0A53-C8A1-E54CD1664024}.Release|x64.ActiveCfg = Release|Any CPU
		{A2E2CD26-8038-0A53-C8A1-E54CD1664024}.Release|x64.Build.0 = Release|Any CPU
		{A2E2CD26-8038-0A53-C8A1-E54CD1664024}.Release|x86.ActiveCfg = Release|Any CPU
		{A2E2CD26-8038-0A53-C8A1-E54CD1664024}.Release|x86.Build.0 = Release|Any CPU
		{97ADBC89-6758-163B-66A7-9DB8BCE80313}.Debug|Any CPU.ActiveCfg = Debug|Any CPU
		{97ADBC89-6758-163B-66A7-9DB8BCE80313}.Debug|Any CPU.Build.0 = Debug|Any CPU
		{97ADBC89-6758-163B-66A7-9DB8BCE80313}.Debug|x64.ActiveCfg = Debug|Any CPU
		{97ADBC89-6758-163B-66A7-9DB8BCE80313}.Debug|x64.Build.0 = Debug|Any CPU
		{97ADBC89-6758-163B-66A7-9DB8BCE80313}.Debug|x86.ActiveCfg = Debug|Any CPU
		{97ADBC89-6758-163B-66A7-9DB8BCE80313}.Debug|x86.Build.0 = Debug|Any CPU
		{97ADBC89-6758-163B-66A7-9DB8BCE80313}.Release|Any CPU.ActiveCfg = Release|Any CPU
		{97ADBC89-6758-163B-66A7-9DB8BCE80313}.Release|Any CPU.Build.0 = Release|Any CPU
		{97ADBC89-6758-163B-66A7-9DB8BCE80313}.Release|x64.ActiveCfg = Release|Any CPU
		{97ADBC89-6758-163B-66A7-9DB8BCE80313}.Release|x64.Build.0 = Release|Any CPU
		{97ADBC89-6758-163B-66A7-9DB8BCE80313}.Release|x86.ActiveCfg = Release|Any CPU
		{97ADBC89-6758-163B-66A7-9DB8BCE80313}.Release|x86.Build.0 = Release|Any CPU
		{6BF6B58F-9F24-A755-9188-FFC3CAC9E5B0}.Debug|Any CPU.ActiveCfg = Debug|Any CPU
		{6BF6B58F-9F24-A755-9188-FFC3CAC9E5B0}.Debug|Any CPU.Build.0 = Debug|Any CPU
		{6BF6B58F-9F24-A755-9188-FFC3CAC9E5B0}.Debug|x64.ActiveCfg = Debug|Any CPU
		{6BF6B58F-9F24-A755-9188-FFC3CAC9E5B0}.Debug|x64.Build.0 = Debug|Any CPU
		{6BF6B58F-9F24-A755-9188-FFC3CAC9E5B0}.Debug|x86.ActiveCfg = Debug|Any CPU
		{6BF6B58F-9F24-A755-9188-FFC3CAC9E5B0}.Debug|x86.Build.0 = Debug|Any CPU
		{6BF6B58F-9F24-A755-9188-FFC3CAC9E5B0}.Release|Any CPU.ActiveCfg = Release|Any CPU
		{6BF6B58F-9F24-A755-9188-FFC3CAC9E5B0}.Release|Any CPU.Build.0 = Release|Any CPU
		{6BF6B58F-9F24-A755-9188-FFC3CAC9E5B0}.Release|x64.ActiveCfg = Release|Any CPU
		{6BF6B58F-9F24-A755-9188-FFC3CAC9E5B0}.Release|x64.Build.0 = Release|Any CPU
		{6BF6B58F-9F24-A755-9188-FFC3CAC9E5B0}.Release|x86.ActiveCfg = Release|Any CPU
		{6BF6B58F-9F24-A755-9188-FFC3CAC9E5B0}.Release|x86.Build.0 = Release|Any CPU
		{A76C6CE4-2742-4680-B159-AC5E992171B5}.Debug|Any CPU.ActiveCfg = Debug|Any CPU
		{A76C6CE4-2742-4680-B159-AC5E992171B5}.Debug|Any CPU.Build.0 = Debug|Any CPU
		{A76C6CE4-2742-4680-B159-AC5E992171B5}.Debug|x64.ActiveCfg = Debug|Any CPU
		{A76C6CE4-2742-4680-B159-AC5E992171B5}.Debug|x64.Build.0 = Debug|Any CPU
		{A76C6CE4-2742-4680-B159-AC5E992171B5}.Debug|x86.ActiveCfg = Debug|Any CPU
		{A76C6CE4-2742-4680-B159-AC5E992171B5}.Debug|x86.Build.0 = Debug|Any CPU
		{A76C6CE4-2742-4680-B159-AC5E992171B5}.Release|Any CPU.ActiveCfg = Release|Any CPU
		{A76C6CE4-2742-4680-B159-AC5E992171B5}.Release|Any CPU.Build.0 = Release|Any CPU
		{A76C6CE4-2742-4680-B159-AC5E992171B5}.Release|x64.ActiveCfg = Release|Any CPU
		{A76C6CE4-2742-4680-B159-AC5E992171B5}.Release|x64.Build.0 = Release|Any CPU
		{A76C6CE4-2742-4680-B159-AC5E992171B5}.Release|x86.ActiveCfg = Release|Any CPU
		{A76C6CE4-2742-4680-B159-AC5E992171B5}.Release|x86.Build.0 = Release|Any CPU
		{01895B3E-5F5A-4E5D-9E5C-084DAE13C4BF}.Debug|Any CPU.ActiveCfg = Debug|Any CPU
		{01895B3E-5F5A-4E5D-9E5C-084DAE13C4BF}.Debug|Any CPU.Build.0 = Debug|Any CPU
		{01895B3E-5F5A-4E5D-9E5C-084DAE13C4BF}.Debug|x64.ActiveCfg = Debug|Any CPU
		{01895B3E-5F5A-4E5D-9E5C-084DAE13C4BF}.Debug|x64.Build.0 = Debug|Any CPU
		{01895B3E-5F5A-4E5D-9E5C-084DAE13C4BF}.Debug|x86.ActiveCfg = Debug|Any CPU
		{01895B3E-5F5A-4E5D-9E5C-084DAE13C4BF}.Debug|x86.Build.0 = Debug|Any CPU
		{01895B3E-5F5A-4E5D-9E5C-084DAE13C4BF}.Release|Any CPU.ActiveCfg = Release|Any CPU
		{01895B3E-5F5A-4E5D-9E5C-084DAE13C4BF}.Release|Any CPU.Build.0 = Release|Any CPU
		{01895B3E-5F5A-4E5D-9E5C-084DAE13C4BF}.Release|x64.ActiveCfg = Release|Any CPU
		{01895B3E-5F5A-4E5D-9E5C-084DAE13C4BF}.Release|x64.Build.0 = Release|Any CPU
		{01895B3E-5F5A-4E5D-9E5C-084DAE13C4BF}.Release|x86.ActiveCfg = Release|Any CPU
		{01895B3E-5F5A-4E5D-9E5C-084DAE13C4BF}.Release|x86.Build.0 = Release|Any CPU
		{4BDE285B-C86B-4316-A62D-FE9622F56AAF}.Debug|Any CPU.ActiveCfg = Debug|Any CPU
		{4BDE285B-C86B-4316-A62D-FE9622F56AAF}.Debug|Any CPU.Build.0 = Debug|Any CPU
		{4BDE285B-C86B-4316-A62D-FE9622F56AAF}.Debug|x64.ActiveCfg = Debug|Any CPU
		{4BDE285B-C86B-4316-A62D-FE9622F56AAF}.Debug|x64.Build.0 = Debug|Any CPU
		{4BDE285B-C86B-4316-A62D-FE9622F56AAF}.Debug|x86.ActiveCfg = Debug|Any CPU
		{4BDE285B-C86B-4316-A62D-FE9622F56AAF}.Debug|x86.Build.0 = Debug|Any CPU
		{4BDE285B-C86B-4316-A62D-FE9622F56AAF}.Release|Any CPU.ActiveCfg = Release|Any CPU
		{4BDE285B-C86B-4316-A62D-FE9622F56AAF}.Release|Any CPU.Build.0 = Release|Any CPU
		{4BDE285B-C86B-4316-A62D-FE9622F56AAF}.Release|x64.ActiveCfg = Release|Any CPU
		{4BDE285B-C86B-4316-A62D-FE9622F56AAF}.Release|x64.Build.0 = Release|Any CPU
		{4BDE285B-C86B-4316-A62D-FE9622F56AAF}.Release|x86.ActiveCfg = Release|Any CPU
		{4BDE285B-C86B-4316-A62D-FE9622F56AAF}.Release|x86.Build.0 = Release|Any CPU
		{4EE62682-B9FD-4A9A-86AF-50252DDBB626}.Debug|Any CPU.ActiveCfg = Debug|Any CPU
		{4EE62682-B9FD-4A9A-86AF-50252DDBB626}.Debug|Any CPU.Build.0 = Debug|Any CPU
		{4EE62682-B9FD-4A9A-86AF-50252DDBB626}.Debug|x64.ActiveCfg = Debug|Any CPU
		{4EE62682-B9FD-4A9A-86AF-50252DDBB626}.Debug|x64.Build.0 = Debug|Any CPU
		{4EE62682-B9FD-4A9A-86AF-50252DDBB626}.Debug|x86.ActiveCfg = Debug|Any CPU
		{4EE62682-B9FD-4A9A-86AF-50252DDBB626}.Debug|x86.Build.0 = Debug|Any CPU
		{4EE62682-B9FD-4A9A-86AF-50252DDBB626}.Release|Any CPU.ActiveCfg = Release|Any CPU
		{4EE62682-B9FD-4A9A-86AF-50252DDBB626}.Release|Any CPU.Build.0 = Release|Any CPU
		{4EE62682-B9FD-4A9A-86AF-50252DDBB626}.Release|x64.ActiveCfg = Release|Any CPU
		{4EE62682-B9FD-4A9A-86AF-50252DDBB626}.Release|x64.Build.0 = Release|Any CPU
		{4EE62682-B9FD-4A9A-86AF-50252DDBB626}.Release|x86.ActiveCfg = Release|Any CPU
		{4EE62682-B9FD-4A9A-86AF-50252DDBB626}.Release|x86.Build.0 = Release|Any CPU
		{5A4C3883-525D-4DA9-BDF6-995A25085997}.Debug|Any CPU.ActiveCfg = Debug|Any CPU
		{5A4C3883-525D-4DA9-BDF6-995A25085997}.Debug|Any CPU.Build.0 = Debug|Any CPU
		{5A4C3883-525D-4DA9-BDF6-995A25085997}.Debug|x64.ActiveCfg = Debug|Any CPU
		{5A4C3883-525D-4DA9-BDF6-995A25085997}.Debug|x64.Build.0 = Debug|Any CPU
		{5A4C3883-525D-4DA9-BDF6-995A25085997}.Debug|x86.ActiveCfg = Debug|Any CPU
		{5A4C3883-525D-4DA9-BDF6-995A25085997}.Debug|x86.Build.0 = Debug|Any CPU
		{5A4C3883-525D-4DA9-BDF6-995A25085997}.Release|Any CPU.ActiveCfg = Release|Any CPU
		{5A4C3883-525D-4DA9-BDF6-995A25085997}.Release|Any CPU.Build.0 = Release|Any CPU
		{5A4C3883-525D-4DA9-BDF6-995A25085997}.Release|x64.ActiveCfg = Release|Any CPU
		{5A4C3883-525D-4DA9-BDF6-995A25085997}.Release|x64.Build.0 = Release|Any CPU
		{5A4C3883-525D-4DA9-BDF6-995A25085997}.Release|x86.ActiveCfg = Release|Any CPU
		{5A4C3883-525D-4DA9-BDF6-995A25085997}.Release|x86.Build.0 = Release|Any CPU
		{FA3802AC-1222-40EC-BD6B-2C1317BF3DF4}.Debug|Any CPU.ActiveCfg = Debug|Any CPU
		{FA3802AC-1222-40EC-BD6B-2C1317BF3DF4}.Debug|Any CPU.Build.0 = Debug|Any CPU
		{FA3802AC-1222-40EC-BD6B-2C1317BF3DF4}.Debug|x64.ActiveCfg = Debug|Any CPU
		{FA3802AC-1222-40EC-BD6B-2C1317BF3DF4}.Debug|x64.Build.0 = Debug|Any CPU
		{FA3802AC-1222-40EC-BD6B-2C1317BF3DF4}.Debug|x86.ActiveCfg = Debug|Any CPU
		{FA3802AC-1222-40EC-BD6B-2C1317BF3DF4}.Debug|x86.Build.0 = Debug|Any CPU
		{FA3802AC-1222-40EC-BD6B-2C1317BF3DF4}.Release|Any CPU.ActiveCfg = Release|Any CPU
		{FA3802AC-1222-40EC-BD6B-2C1317BF3DF4}.Release|Any CPU.Build.0 = Release|Any CPU
		{FA3802AC-1222-40EC-BD6B-2C1317BF3DF4}.Release|x64.ActiveCfg = Release|Any CPU
		{FA3802AC-1222-40EC-BD6B-2C1317BF3DF4}.Release|x64.Build.0 = Release|Any CPU
		{FA3802AC-1222-40EC-BD6B-2C1317BF3DF4}.Release|x86.ActiveCfg = Release|Any CPU
		{FA3802AC-1222-40EC-BD6B-2C1317BF3DF4}.Release|x86.Build.0 = Release|Any CPU
		{7B8C3D4E-5F6A-4B9C-8D2E-1A3B4C5D6E7F}.Debug|Any CPU.ActiveCfg = Debug|Any CPU
		{7B8C3D4E-5F6A-4B9C-8D2E-1A3B4C5D6E7F}.Debug|Any CPU.Build.0 = Debug|Any CPU
		{7B8C3D4E-5F6A-4B9C-8D2E-1A3B4C5D6E7F}.Debug|x64.ActiveCfg = Debug|Any CPU
		{7B8C3D4E-5F6A-4B9C-8D2E-1A3B4C5D6E7F}.Debug|x64.Build.0 = Debug|Any CPU
		{7B8C3D4E-5F6A-4B9C-8D2E-1A3B4C5D6E7F}.Debug|x86.ActiveCfg = Debug|Any CPU
		{7B8C3D4E-5F6A-4B9C-8D2E-1A3B4C5D6E7F}.Debug|x86.Build.0 = Debug|Any CPU
		{7B8C3D4E-5F6A-4B9C-8D2E-1A3B4C5D6E7F}.Release|Any CPU.ActiveCfg = Release|Any CPU
		{7B8C3D4E-5F6A-4B9C-8D2E-1A3B4C5D6E7F}.Release|Any CPU.Build.0 = Release|Any CPU
		{7B8C3D4E-5F6A-4B9C-8D2E-1A3B4C5D6E7F}.Release|x64.ActiveCfg = Release|Any CPU
		{7B8C3D4E-5F6A-4B9C-8D2E-1A3B4C5D6E7F}.Release|x64.Build.0 = Release|Any CPU
		{7B8C3D4E-5F6A-4B9C-8D2E-1A3B4C5D6E7F}.Release|x86.ActiveCfg = Release|Any CPU
		{7B8C3D4E-5F6A-4B9C-8D2E-1A3B4C5D6E7F}.Release|x86.Build.0 = Release|Any CPU
		{8A9B0C1D-2E3F-4A5B-6C7D-8E9F0A1B2C3D}.Debug|Any CPU.ActiveCfg = Debug|Any CPU
		{8A9B0C1D-2E3F-4A5B-6C7D-8E9F0A1B2C3D}.Debug|Any CPU.Build.0 = Debug|Any CPU
		{8A9B0C1D-2E3F-4A5B-6C7D-8E9F0A1B2C3D}.Debug|x64.ActiveCfg = Debug|Any CPU
		{8A9B0C1D-2E3F-4A5B-6C7D-8E9F0A1B2C3D}.Debug|x64.Build.0 = Debug|Any CPU
		{8A9B0C1D-2E3F-4A5B-6C7D-8E9F0A1B2C3D}.Debug|x86.ActiveCfg = Debug|Any CPU
		{8A9B0C1D-2E3F-4A5B-6C7D-8E9F0A1B2C3D}.Debug|x86.Build.0 = Debug|Any CPU
		{8A9B0C1D-2E3F-4A5B-6C7D-8E9F0A1B2C3D}.Release|Any CPU.ActiveCfg = Release|Any CPU
		{8A9B0C1D-2E3F-4A5B-6C7D-8E9F0A1B2C3D}.Release|Any CPU.Build.0 = Release|Any CPU
		{8A9B0C1D-2E3F-4A5B-6C7D-8E9F0A1B2C3D}.Release|x64.ActiveCfg = Release|Any CPU
		{8A9B0C1D-2E3F-4A5B-6C7D-8E9F0A1B2C3D}.Release|x64.Build.0 = Release|Any CPU
		{8A9B0C1D-2E3F-4A5B-6C7D-8E9F0A1B2C3D}.Release|x86.ActiveCfg = Release|Any CPU
		{8A9B0C1D-2E3F-4A5B-6C7D-8E9F0A1B2C3D}.Release|x86.Build.0 = Release|Any CPU
	EndGlobalSection
	GlobalSection(SolutionProperties) = preSolution
		HideSolutionNode = FALSE
	EndGlobalSection
	GlobalSection(NestedProjects) = preSolution
		{23FBB498-EA49-4F48-8552-DC57C0D11D45} = {DB61EE2E-339F-43ED-9FB1-2FFF830DCBF1}
		{13E8DBCA-8D8F-4302-B166-7028A48A9EE0} = {DB61EE2E-339F-43ED-9FB1-2FFF830DCBF1}
		{B98C991C-4006-FC91-B3F1-437B932BD255} = {81C58011-BA6C-4DA9-9BE5-B96F4C8AB389}
		{A2E2CD26-8038-0A53-C8A1-E54CD1664024} = {02EA681E-C7D8-13C7-8484-4AC65E1B71E8}
		{97ADBC89-6758-163B-66A7-9DB8BCE80313} = {02EA681E-C7D8-13C7-8484-4AC65E1B71E8}
		{6BF6B58F-9F24-A755-9188-FFC3CAC9E5B0} = {02EA681E-C7D8-13C7-8484-4AC65E1B71E8}
		{A76C6CE4-2742-4680-B159-AC5E992171B5} = {1EBCEE57-92C7-4D8B-AC99-654B5EF56A4E}
		{01895B3E-5F5A-4E5D-9E5C-084DAE13C4BF} = {1EBCEE57-92C7-4D8B-AC99-654B5EF56A4E}
		{4BDE285B-C86B-4316-A62D-FE9622F56AAF} = {DB61EE2E-339F-43ED-9FB1-2FFF830DCBF1}
		{4EE62682-B9FD-4A9A-86AF-50252DDBB626} = {A4597AE8-5FED-41B9-BB62-7EE63BA6BF4C}
		{5A4C3883-525D-4DA9-BDF6-995A25085997} = {1EBCEE57-92C7-4D8B-AC99-654B5EF56A4E}
		{FA3802AC-1222-40EC-BD6B-2C1317BF3DF4} = {81C58011-BA6C-4DA9-9BE5-B96F4C8AB389}
		{7B8C3D4E-5F6A-4B9C-8D2E-1A3B4C5D6E7F} = {81C58011-BA6C-4DA9-9BE5-B96F4C8AB389}
	EndGlobalSection
	GlobalSection(ExtensibilityGlobals) = postSolution
		SolutionGuid = {060917CE-825E-4AEE-BA58-956C56252538}
	EndGlobalSection
EndGlobal
